
Microsoft Visual Studio Solution File, Format Version 12.00
# Visual Studio Version 16
VisualStudioVersion = 16.0.28803.202
MinimumVisualStudioVersion = 10.0.40219.1
Project("{FAE04EC0-301F-11D3-BF4B-00C04F79EFBC}") = "RateCurrency", "Some Game\RateCurrency.csproj", "{F9EB47B1-890E-46BA-9746-F6197370E76E}"
EndProject
Global
	GlobalSection(SolutionConfigurationPlatforms) = preSolution
		Debug|Any CPU = Debug|Any CPU
		Release|Any CPU = Release|Any CPU
	EndGlobalSection
	GlobalSection(ProjectConfigurationPlatforms) = postSolution
		{F9EB47B1-890E-46BA-9746-F6197370E76E}.Debug|Any CPU.ActiveCfg = Debug|Any CPU
		{F9EB47B1-890E-46BA-9746-F6197370E76E}.Debug|Any CPU.Build.0 = Debug|Any CPU
		{F9EB47B1-890E-46BA-9746-F6197370E76E}.Release|Any CPU.ActiveCfg = Release|Any CPU
		{F9EB47B1-890E-46BA-9746-F6197370E76E}.Release|Any CPU.Build.0 = Release|Any CPU
	EndGlobalSection
	GlobalSection(SolutionProperties) = preSolution
		HideSolutionNode = FALSE
	EndGlobalSection
	GlobalSection(ExtensibilityGlobals) = postSolution
		SolutionGuid = {89674525-D7CE-4A04-A6DC-AE1D4B79250C}
	EndGlobalSection
EndGlobal
